
Microsoft Visual Studio Solution File, Format Version 12.00
# Visual Studio Version 17
VisualStudioVersion = 17.0.31903.59
MinimumVisualStudioVersion = 10.0.40219.1
Project("{FAE04EC0-301F-11D3-BF4B-00C04F79EFBC}") = "PluginUI", "PluginUI\PluginUI.csproj", "{FA08DDD3-C860-4348-A89F-7BEB3EB499FC}"
EndProject
Project("{9A19103F-16F7-4668-BE54-9A1E7A4F7556}") = "PluginTests", "PluginTests\PluginTests.csproj", "{393BB1FC-5D0A-418E-80EA-58AA73964D4C}"
EndProject
Project("{FAE04EC0-301F-11D3-BF4B-00C04F79EFBC}") = "Plugin", "Plugin\Plugin.csproj", "{DD1486BA-DCE3-429C-83A1-61F058E1A336}"
EndProject
Project("{FAE04EC0-301F-11D3-BF4B-00C04F79EFBC}") = "PluginKompas", "ModelBuilder\PluginKompas.csproj", "{4FFE6BA3-CC68-4EEC-9C8D-C662C08C392D}"
EndProject
Global
	GlobalSection(SolutionConfigurationPlatforms) = preSolution
		Debug|Any CPU = Debug|Any CPU
		Debug|x64 = Debug|x64
		Debug|x86 = Debug|x86
		Release|Any CPU = Release|Any CPU
		Release|x64 = Release|x64
		Release|x86 = Release|x86
	EndGlobalSection
	GlobalSection(ProjectConfigurationPlatforms) = postSolution
		{FA08DDD3-C860-4348-A89F-7BEB3EB499FC}.Debug|Any CPU.ActiveCfg = Debug|Any CPU
		{FA08DDD3-C860-4348-A89F-7BEB3EB499FC}.Debug|Any CPU.Build.0 = Debug|Any CPU
		{FA08DDD3-C860-4348-A89F-7BEB3EB499FC}.Debug|x64.ActiveCfg = Debug|Any CPU
		{FA08DDD3-C860-4348-A89F-7BEB3EB499FC}.Debug|x64.Build.0 = Debug|Any CPU
		{FA08DDD3-C860-4348-A89F-7BEB3EB499FC}.Debug|x86.ActiveCfg = Debug|x86
		{FA08DDD3-C860-4348-A89F-7BEB3EB499FC}.Debug|x86.Build.0 = Debug|x86
		{FA08DDD3-C860-4348-A89F-7BEB3EB499FC}.Release|Any CPU.ActiveCfg = Release|Any CPU
		{FA08DDD3-C860-4348-A89F-7BEB3EB499FC}.Release|Any CPU.Build.0 = Release|Any CPU
		{FA08DDD3-C860-4348-A89F-7BEB3EB499FC}.Release|x64.ActiveCfg = Release|Any CPU
		{FA08DDD3-C860-4348-A89F-7BEB3EB499FC}.Release|x64.Build.0 = Release|Any CPU
		{FA08DDD3-C860-4348-A89F-7BEB3EB499FC}.Release|x86.ActiveCfg = Release|x86
		{FA08DDD3-C860-4348-A89F-7BEB3EB499FC}.Release|x86.Build.0 = Release|x86
		{393BB1FC-5D0A-418E-80EA-58AA73964D4C}.Debug|Any CPU.ActiveCfg = Debug|Any CPU
		{393BB1FC-5D0A-418E-80EA-58AA73964D4C}.Debug|Any CPU.Build.0 = Debug|Any CPU
		{393BB1FC-5D0A-418E-80EA-58AA73964D4C}.Debug|x64.ActiveCfg = Debug|Any CPU
		{393BB1FC-5D0A-418E-80EA-58AA73964D4C}.Debug|x64.Build.0 = Debug|Any CPU
		{393BB1FC-5D0A-418E-80EA-58AA73964D4C}.Debug|x86.ActiveCfg = Debug|x86
		{393BB1FC-5D0A-418E-80EA-58AA73964D4C}.Debug|x86.Build.0 = Debug|x86
		{393BB1FC-5D0A-418E-80EA-58AA73964D4C}.Release|Any CPU.ActiveCfg = Release|Any CPU
		{393BB1FC-5D0A-418E-80EA-58AA73964D4C}.Release|Any CPU.Build.0 = Release|Any CPU
		{393BB1FC-5D0A-418E-80EA-58AA73964D4C}.Release|x64.ActiveCfg = Release|Any CPU
		{393BB1FC-5D0A-418E-80EA-58AA73964D4C}.Release|x64.Build.0 = Release|Any CPU
		{393BB1FC-5D0A-418E-80EA-58AA73964D4C}.Release|x86.ActiveCfg = Release|x86
		{393BB1FC-5D0A-418E-80EA-58AA73964D4C}.Release|x86.Build.0 = Release|x86
		{DD1486BA-DCE3-429C-83A1-61F058E1A336}.Debug|Any CPU.ActiveCfg = Debug|Any CPU
		{DD1486BA-DCE3-429C-83A1-61F058E1A336}.Debug|Any CPU.Build.0 = Debug|Any CPU
		{DD1486BA-DCE3-429C-83A1-61F058E1A336}.Debug|x64.ActiveCfg = Debug|Any CPU
		{DD1486BA-DCE3-429C-83A1-61F058E1A336}.Debug|x64.Build.0 = Debug|Any CPU
		{DD1486BA-DCE3-429C-83A1-61F058E1A336}.Debug|x86.ActiveCfg = Debug|x86
		{DD1486BA-DCE3-429C-83A1-61F058E1A336}.Debug|x86.Build.0 = Debug|x86
		{DD1486BA-DCE3-429C-83A1-61F058E1A336}.Release|Any CPU.ActiveCfg = Release|Any CPU
		{DD1486BA-DCE3-429C-83A1-61F058E1A336}.Release|Any CPU.Build.0 = Release|Any CPU
		{DD1486BA-DCE3-429C-83A1-61F058E1A336}.Release|x64.ActiveCfg = Release|Any CPU
		{DD1486BA-DCE3-429C-83A1-61F058E1A336}.Release|x64.Build.0 = Release|Any CPU
		{DD1486BA-DCE3-429C-83A1-61F058E1A336}.Release|x86.ActiveCfg = Release|x86
		{DD1486BA-DCE3-429C-83A1-61F058E1A336}.Release|x86.Build.0 = Release|x86
		{4FFE6BA3-CC68-4EEC-9C8D-C662C08C392D}.Debug|Any CPU.ActiveCfg = Debug|Any CPU
		{4FFE6BA3-CC68-4EEC-9C8D-C662C08C392D}.Debug|Any CPU.Build.0 = Debug|Any CPU
		{4FFE6BA3-CC68-4EEC-9C8D-C662C08C392D}.Debug|x64.ActiveCfg = Debug|Any CPU
		{4FFE6BA3-CC68-4EEC-9C8D-C662C08C392D}.Debug|x64.Build.0 = Debug|Any CPU
		{4FFE6BA3-CC68-4EEC-9C8D-C662C08C392D}.Debug|x86.ActiveCfg = Debug|x86
		{4FFE6BA3-CC68-4EEC-9C8D-C662C08C392D}.Debug|x86.Build.0 = Debug|x86
		{4FFE6BA3-CC68-4EEC-9C8D-C662C08C392D}.Release|Any CPU.ActiveCfg = Release|Any CPU
		{4FFE6BA3-CC68-4EEC-9C8D-C662C08C392D}.Release|Any CPU.Build.0 = Release|Any CPU
		{4FFE6BA3-CC68-4EEC-9C8D-C662C08C392D}.Release|x64.ActiveCfg = Release|Any CPU
		{4FFE6BA3-CC68-4EEC-9C8D-C662C08C392D}.Release|x64.Build.0 = Release|Any CPU
		{4FFE6BA3-CC68-4EEC-9C8D-C662C08C392D}.Release|x86.ActiveCfg = Release|x86
		{4FFE6BA3-CC68-4EEC-9C8D-C662C08C392D}.Release|x86.Build.0 = Release|x86
	EndGlobalSection
	GlobalSection(SolutionProperties) = preSolution
		HideSolutionNode = FALSE
	EndGlobalSection
	GlobalSection(ExtensibilityGlobals) = postSolution
		SolutionGuid = {E96506AB-BABA-428D-859F-9E5F023390B6}
	EndGlobalSection
EndGlobal
